{
  "version": 4,
  "terraform_version": "1.11.2",
  "serial": 1,
  "lineage": "9db70f6d-fe14-d300-95cd-08af83f62dce",
  "outputs": {},
  "resources": [
    {
      "mode": "managed",
      "type": "proxmox_lxc",
      "name": "web_server",
      "provider": "provider[\"registry.terraform.io/telmate/proxmox\"]",
      "instances": [
        {
          "schema_version": 0,
          "attributes": {
            "arch": "amd64",
            "bwlimit": 0,
            "clone": null,
            "clone_storage": null,
            "cmode": "tty",
            "console": true,
            "cores": 1,
            "cpulimit": 0,
            "cpuunits": 1024,
            "description": "",
            "features": [],
            "force": false,
            "full": null,
            "hagroup": null,
            "hastate": null,
            "hookscript": "",
            "hostname": "web-server",
            "id": "proxmox/lxc/104",
            "ignore_unpack_errors": false,
            "lock": "",
            "memory": 512,
            "mountpoint": [],
            "nameserver": "",
            "network": [
              {
                "bridge": "vmbr0",
                "firewall": false,
                "gw": "10.69.69.1",
                "gw6": "",
                "hwaddr": "BC:24:11:4D:44:CE",
                "ip": "10.69.69.30/24",
                "ip6": "",
                "mtu": "",
                "name": "eth0",
                "rate": 0,
                "tag": 0,
                "trunks": "",
                "type": "veth"
              }
            ],
            "onboot": false,
            "ostemplate": "local:vztmpl/ubuntu-22.04-standard_22.04-1_amd64.tar.zst",
            "ostype": "ubuntu",
            "password": "your-password",
            "pool": null,
            "protection": false,
            "restore": false,
            "rootfs": [
              {
                "size": "10G",
                "storage": "local-lvm",
                "volume": "local-lvm:vm-104-disk-0"
              }
            ],
            "searchdomain": "",
            "ssh_public_keys": "  ssh-rsa AAAAB3NzaC1yc2EAAAADAQABAAACAQCyYxAwMxFi3B6DA1zfRBXNvghZumrvkV75zdqKa+E7co0P5QCU9wsL30lXyUmJszIDl+FCYuWN1lDj6Uy7/SNXUj2C05ePnhphJGqsyLztWYQGlGtvreI9Z0qujrBCtKq9pI9cvH6mRpbAKQyi5JG8gTQRkiMnPRbDFWO6iL2EMoP/a+L8/mS7I/b4jA24oYxs/rBf2pUP7errn7SD/3Yw8KOeplkPrtU/rkvSUAxQjOmcLncjkgzhe+yClCMcD2naKNqkQu6Pg+BtzOoM79D8qQfVWdf++f1L7jMDsPJULvky0wf4zMQVEyBeni6OsW0hjSgV+lmAYhyjxkHAEKfXchsL7KWopf05YJEnQCmLo6DHld3xgHfmkp2coz016hGBk5qs0LAvQilKQN97GCf4jYN237OUWeKzQpZuTRjmnNYODL/MaNj7qH4vSIkAZnKMysNF1yCHjSF6EvyNJCHBDkJNwOQWOf+8l7CJBJyuN6KWA7fRvVuFzyGWZ7T9KitPDym3qt7G/xL/S5okBk47Ed2s1caeU6bTxsE83Wlv/g97BSR6WC9lzQYBXieaRdiUSPtWzlX+3v88rdlhTmZ3Dy4I12CJ02ErIWNovhzD/6khqLLJ9LfLmGqkxMkLm5g0+PW9ueMe8IKNkegqHFVTCxugwfG3f7bzewY5xwe6rw== Generated By Termius\n",
            "start": true,
            "startup": "",
            "swap": 512,
            "tags": "",
            "target_node": "proxmox",
            "template": false,
            "timeouts": null,
            "tty": 2,
            "unique": false,
            "unprivileged": true,
            "unused": null,
            "vmid": 0
          },
          "sensitive_attributes": [
            [
              {
                "type": "get_attr",
                "value": "password"
              }
            ]
          ],
          "private": "eyJlMmJmYjczMC1lY2FhLTExZTYtOGY4OC0zNDM2M2JjN2M0YzAiOnsiY3JlYXRlIjoxMjAwMDAwMDAwMDAsImRlZmF1bHQiOjEyMDAwMDAwMDAwMCwiZGVsZXRlIjo5MDAwMDAwMDAwMCwicmVhZCI6MzAwMDAwMDAwMDAsInVwZGF0ZSI6OTAwMDAwMDAwMDB9fQ=="
        }
      ]
    }
  ],
  "check_results": null
}
